
Microsoft Visual Studio Solution File, Format Version 12.00
# Visual Studio 15
VisualStudioVersion = 15.0.26730.16
MinimumVisualStudioVersion = 10.0.40219.1
Project("{FAE04EC0-301F-11D3-BF4B-00C04F79EFBC}") = "SpendingPolicyAddin", "SpendingPolicyAddin\SpendingPolicyAddin.csproj", "{B5D11F1C-7132-4F70-A5C9-7D3679526045}"
EndProject
Global
	GlobalSection(SolutionConfigurationPlatforms) = preSolution
		Debug|Any CPU = Debug|Any CPU
		Release|Any CPU = Release|Any CPU
	EndGlobalSection
	GlobalSection(ProjectConfigurationPlatforms) = postSolution
		{B5D11F1C-7132-4F70-A5C9-7D3679526045}.Debug|Any CPU.ActiveCfg = Debug|Any CPU
		{B5D11F1C-7132-4F70-A5C9-7D3679526045}.Debug|Any CPU.Build.0 = Debug|Any CPU
		{B5D11F1C-7132-4F70-A5C9-7D3679526045}.Release|Any CPU.ActiveCfg = Release|Any CPU
		{B5D11F1C-7132-4F70-A5C9-7D3679526045}.Release|Any CPU.Build.0 = Release|Any CPU
	EndGlobalSection
	GlobalSection(SolutionProperties) = preSolution
		HideSolutionNode = FALSE
	EndGlobalSection
	GlobalSection(ExtensibilityGlobals) = postSolution
		SolutionGuid = {98F28D9C-3466-47F0-9780-4E4B8CA06923}
	EndGlobalSection
EndGlobal
